
Microsoft Visual Studio Solution File, Format Version 12.00
# Visual Studio Version 16
VisualStudioVersion = 16.0.30804.86
MinimumVisualStudioVersion = 10.0.40219.1
Project("{9A19103F-16F7-4668-BE54-9A1E7A4F7556}") = "Vehicles", "Vehicles\Vehicles.csproj", "{86F62BCF-E41E-4F64-9D5C-E2DB9E200964}"
EndProject
Project("{FAE04EC0-301F-11D3-BF4B-00C04F79EFBC}") = "VehiclesExtension", "VehiclesExtension\VehiclesExtension.csproj", "{493118D4-9FD3-4FC7-93A1-C8D874BF27D0}"
EndProject
Project("{FAE04EC0-301F-11D3-BF4B-00C04F79EFBC}") = "Raiding", "Raiding\Raiding.csproj", "{2F351090-7D96-43FC-AE58-FA521FEE3529}"
EndProject
Global
	GlobalSection(SolutionConfigurationPlatforms) = preSolution
		Debug|Any CPU = Debug|Any CPU
		Release|Any CPU = Release|Any CPU
	EndGlobalSection
	GlobalSection(ProjectConfigurationPlatforms) = postSolution
		{86F62BCF-E41E-4F64-9D5C-E2DB9E200964}.Debug|Any CPU.ActiveCfg = Debug|Any CPU
		{86F62BCF-E41E-4F64-9D5C-E2DB9E200964}.Debug|Any CPU.Build.0 = Debug|Any CPU
		{86F62BCF-E41E-4F64-9D5C-E2DB9E200964}.Release|Any CPU.ActiveCfg = Release|Any CPU
		{86F62BCF-E41E-4F64-9D5C-E2DB9E200964}.Release|Any CPU.Build.0 = Release|Any CPU
		{493118D4-9FD3-4FC7-93A1-C8D874BF27D0}.Debug|Any CPU.ActiveCfg = Debug|Any CPU
		{493118D4-9FD3-4FC7-93A1-C8D874BF27D0}.Debug|Any CPU.Build.0 = Debug|Any CPU
		{493118D4-9FD3-4FC7-93A1-C8D874BF27D0}.Release|Any CPU.ActiveCfg = Release|Any CPU
		{493118D4-9FD3-4FC7-93A1-C8D874BF27D0}.Release|Any CPU.Build.0 = Release|Any CPU
		{2F351090-7D96-43FC-AE58-FA521FEE3529}.Debug|Any CPU.ActiveCfg = Debug|Any CPU
		{2F351090-7D96-43FC-AE58-FA521FEE3529}.Debug|Any CPU.Build.0 = Debug|Any CPU
		{2F351090-7D96-43FC-AE58-FA521FEE3529}.Release|Any CPU.ActiveCfg = Release|Any CPU
		{2F351090-7D96-43FC-AE58-FA521FEE3529}.Release|Any CPU.Build.0 = Release|Any CPU
	EndGlobalSection
	GlobalSection(SolutionProperties) = preSolution
		HideSolutionNode = FALSE
	EndGlobalSection
	GlobalSection(ExtensibilityGlobals) = postSolution
		SolutionGuid = {51011B55-8C6C-4D0A-BCC4-2CCD451E7401}
	EndGlobalSection
EndGlobal
