
Microsoft Visual Studio Solution File, Format Version 12.00
# Visual Studio Version 16
VisualStudioVersion = 16.0.30804.86
MinimumVisualStudioVersion = 10.0.40219.1
Project("{FAE04EC0-301F-11D3-BF4B-00C04F79EFBC}") = "Vehicles", "Vehicles\Vehicles.csproj", "{86F62BCF-E41E-4F64-9D5C-E2DB9E200964}"
EndProject
Global
	GlobalSection(SolutionConfigurationPlatforms) = preSolution
		Debug|Any CPU = Debug|Any CPU
		Release|Any CPU = Release|Any CPU
	EndGlobalSection
	GlobalSection(ProjectConfigurationPlatforms) = postSolution
		{86F62BCF-E41E-4F64-9D5C-E2DB9E200964}.Debug|Any CPU.ActiveCfg = Debug|Any CPU
		{86F62BCF-E41E-4F64-9D5C-E2DB9E200964}.Debug|Any CPU.Build.0 = Debug|Any CPU
		{86F62BCF-E41E-4F64-9D5C-E2DB9E200964}.Release|Any CPU.ActiveCfg = Release|Any CPU
		{86F62BCF-E41E-4F64-9D5C-E2DB9E200964}.Release|Any CPU.Build.0 = Release|Any CPU
	EndGlobalSection
	GlobalSection(SolutionProperties) = preSolution
		HideSolutionNode = FALSE
	EndGlobalSection
	GlobalSection(ExtensibilityGlobals) = postSolution
		SolutionGuid = {51011B55-8C6C-4D0A-BCC4-2CCD451E7401}
	EndGlobalSection
EndGlobal
